# This file is autogenerated, do not edit; changes may be undone by the next 'dep ensure'.


[[projects]]
  name = "github.com/PuerkitoBio/goquery"
  packages = ["."]
  revision = "1b16b92ddf27ae338f7f162d5e4316b31bccdb8e"
  version = "v1.5.1"

[[projects]]
  name = "github.com/andybalholm/cascadia"
  packages = ["."]
  revision = "b69f6c92dfc187ebfe3914df716c2647a3af0ba0"
  version = "v1.1.0"

[[projects]]
  branch = "master"
  name = "golang.org/x/net"
  packages = ["html","html/atom","idna","publicsuffix"]
  revision = "244492dfa37ae2ce87222fd06250a03160745faa"

[[projects]]
  name = "golang.org/x/text"
  packages = ["collate","collate/build","internal/colltab","internal/gen","internal/language","internal/language/compact","internal/tag","internal/triegen","internal/ucd","language","secure/bidirule","transform","unicode/bidi","unicode/cldr","unicode/norm","unicode/rangetable"]
  revision = "342b2e1fbaa52c93f31447ad2c6abc048c63e475"
  version = "v0.3.2"

[solve-meta]
  analyzer-name = "dep"
  analyzer-version = 1
  inputs-digest = "b2ac05b207cbdaee1b8f1d2192f56e8f2465f63ab6d085037027dde5e0295701"
  solver-name = "gps-cdcl"
  solver-version = 1
